
Microsoft Visual Studio Solution File, Format Version 12.00
# Visual Studio 15
VisualStudioVersion = 15.0.27130.2003
MinimumVisualStudioVersion = 10.0.40219.1
Project("{9A19103F-16F7-4668-BE54-9A1E7A4F7556}") = "CoreWebApplicationDBFirst", "CoreWebApplicationDBFirst\CoreWebApplicationDBFirst.csproj", "{2A345203-22A5-44C6-B444-BB9C87E4BF3A}"
EndProject
Project("{FAE04EC0-301F-11D3-BF4B-00C04F79EFBC}") = "CoreWebApplicationDBFirstUnitTest", "CoreWebApplicationDBFirstUnitTest\CoreWebApplicationDBFirstUnitTest.csproj", "{28BB12C0-E9B0-4A0E-9D84-7128CDFDD062}"
EndProject
Global
	GlobalSection(SolutionConfigurationPlatforms) = preSolution
		Debug|Any CPU = Debug|Any CPU
		Release|Any CPU = Release|Any CPU
	EndGlobalSection
	GlobalSection(ProjectConfigurationPlatforms) = postSolution
		{2A345203-22A5-44C6-B444-BB9C87E4BF3A}.Debug|Any CPU.ActiveCfg = Debug|Any CPU
		{2A345203-22A5-44C6-B444-BB9C87E4BF3A}.Debug|Any CPU.Build.0 = Debug|Any CPU
		{2A345203-22A5-44C6-B444-BB9C87E4BF3A}.Release|Any CPU.ActiveCfg = Release|Any CPU
		{2A345203-22A5-44C6-B444-BB9C87E4BF3A}.Release|Any CPU.Build.0 = Release|Any CPU
		{28BB12C0-E9B0-4A0E-9D84-7128CDFDD062}.Debug|Any CPU.ActiveCfg = Debug|Any CPU
		{28BB12C0-E9B0-4A0E-9D84-7128CDFDD062}.Debug|Any CPU.Build.0 = Debug|Any CPU
		{28BB12C0-E9B0-4A0E-9D84-7128CDFDD062}.Release|Any CPU.ActiveCfg = Release|Any CPU
		{28BB12C0-E9B0-4A0E-9D84-7128CDFDD062}.Release|Any CPU.Build.0 = Release|Any CPU
	EndGlobalSection
	GlobalSection(SolutionProperties) = preSolution
		HideSolutionNode = FALSE
	EndGlobalSection
	GlobalSection(ExtensibilityGlobals) = postSolution
		SolutionGuid = {FFAC87A2-FB1E-4EB4-9292-1C7414C974F6}
	EndGlobalSection
EndGlobal
